
Microsoft Visual Studio Solution File, Format Version 12.00
# Visual Studio 15
VisualStudioVersion = 15.0.28307.329
MinimumVisualStudioVersion = 10.0.40219.1
Project("{8BC9CEB8-8B4A-11D0-8D11-00A0C91BC942}") = "Stack", "Stack\Stack.vcxproj", "{F049D812-728D-4EDB-8E95-A6CAE8EB2E75}"
EndProject
Global
	GlobalSection(SolutionConfigurationPlatforms) = preSolution
		Debug|x64 = Debug|x64
		Debug|x86 = Debug|x86
		Release|x64 = Release|x64
		Release|x86 = Release|x86
	EndGlobalSection
	GlobalSection(ProjectConfigurationPlatforms) = postSolution
		{F049D812-728D-4EDB-8E95-A6CAE8EB2E75}.Debug|x64.ActiveCfg = Debug|x64
		{F049D812-728D-4EDB-8E95-A6CAE8EB2E75}.Debug|x64.Build.0 = Debug|x64
		{F049D812-728D-4EDB-8E95-A6CAE8EB2E75}.Debug|x86.ActiveCfg = Debug|Win32
		{F049D812-728D-4EDB-8E95-A6CAE8EB2E75}.Debug|x86.Build.0 = Debug|Win32
		{F049D812-728D-4EDB-8E95-A6CAE8EB2E75}.Release|x64.ActiveCfg = Release|x64
		{F049D812-728D-4EDB-8E95-A6CAE8EB2E75}.Release|x64.Build.0 = Release|x64
		{F049D812-728D-4EDB-8E95-A6CAE8EB2E75}.Release|x86.ActiveCfg = Release|Win32
		{F049D812-728D-4EDB-8E95-A6CAE8EB2E75}.Release|x86.Build.0 = Release|Win32
	EndGlobalSection
	GlobalSection(SolutionProperties) = preSolution
		HideSolutionNode = FALSE
	EndGlobalSection
	GlobalSection(ExtensibilityGlobals) = postSolution
		SolutionGuid = {052AA17E-0BDB-431D-80D5-AF84F39D0318}
	EndGlobalSection
EndGlobal
